Microsoft Visual Studio Solution File, Format Version 12.00
# Visual Studio Version 17
VisualStudioVersion = 17.13.35806.99
MinimumVisualStudioVersion = 10.0.40219.1
Project("{FAE04EC0-301F-11D3-BF4B-00C04F79EFBC}") = "BlazorWebAppServer", "BlazorWebAppServer\BlazorWebAppServer.csproj", "{02F06A17-A41B-4ED6-921C-3A3CC46A5DDB}"
EndProject
Project("{FAE04EC0-301F-11D3-BF4B-00C04F79EFBC}") = "BlazorWebAppServer.Library", "BlazorWebAppServer.Library\BlazorWebAppServer.Library.csproj", "{DE4CC8D8-4F4F-4E2F-BD85-78A684B490F9}"
EndProject
Global
	GlobalSection(SolutionConfigurationPlatforms) = preSolution
		Debug|Any CPU = Debug|Any CPU
		Release|Any CPU = Release|Any CPU
	EndGlobalSection
	GlobalSection(ProjectConfigurationPlatforms) = postSolution
		{02F06A17-A41B-4ED6-921C-3A3CC46A5DDB}.Debug|Any CPU.ActiveCfg = Debug|Any CPU
		{02F06A17-A41B-4ED6-921C-3A3CC46A5DDB}.Debug|Any CPU.Build.0 = Debug|Any CPU
		{02F06A17-A41B-4ED6-921C-3A3CC46A5DDB}.Release|Any CPU.ActiveCfg = Release|Any CPU
		{02F06A17-A41B-4ED6-921C-3A3CC46A5DDB}.Release|Any CPU.Build.0 = Release|Any CPU
		{DE4CC8D8-4F4F-4E2F-BD85-78A684B490F9}.Debug|Any CPU.ActiveCfg = Debug|Any CPU
		{DE4CC8D8-4F4F-4E2F-BD85-78A684B490F9}.Debug|Any CPU.Build.0 = Debug|Any CPU
		{DE4CC8D8-4F4F-4E2F-BD85-78A684B490F9}.Release|Any CPU.ActiveCfg = Release|Any CPU
		{DE4CC8D8-4F4F-4E2F-BD85-78A684B490F9}.Release|Any CPU.Build.0 = Release|Any CPU
	EndGlobalSection
	GlobalSection(SolutionProperties) = preSolution
		HideSolutionNode = FALSE
	EndGlobalSection
	GlobalSection(ExtensibilityGlobals) = postSolution
		SolutionGuid = {A5E322C7-46FC-4055-8255-B369DD7694A8}
	EndGlobalSection
EndGlobal
